
Microsoft Visual Studio Solution File, Format Version 12.00
# Visual Studio Version 16
VisualStudioVersion = 16.0.31402.337
MinimumVisualStudioVersion = 10.0.40219.1
Project("{8BC9CEB8-8B4A-11D0-8D11-00A0C91BC942}") = "trigtest", "trigtest\trigtest.vcxproj", "{88BE262D-6741-4BC8-8BE8-84CB40FFBFE1}"
EndProject
Global
	GlobalSection(SolutionConfigurationPlatforms) = preSolution
		Debug|x64 = Debug|x64
		Debug|x86 = Debug|x86
		Release|x64 = Release|x64
		Release|x86 = Release|x86
	EndGlobalSection
	GlobalSection(ProjectConfigurationPlatforms) = postSolution
		{88BE262D-6741-4BC8-8BE8-84CB40FFBFE1}.Debug|x64.ActiveCfg = Debug|x64
		{88BE262D-6741-4BC8-8BE8-84CB40FFBFE1}.Debug|x64.Build.0 = Debug|x64
		{88BE262D-6741-4BC8-8BE8-84CB40FFBFE1}.Debug|x86.ActiveCfg = Debug|Win32
		{88BE262D-6741-4BC8-8BE8-84CB40FFBFE1}.Debug|x86.Build.0 = Debug|Win32
		{88BE262D-6741-4BC8-8BE8-84CB40FFBFE1}.Release|x64.ActiveCfg = Release|x64
		{88BE262D-6741-4BC8-8BE8-84CB40FFBFE1}.Release|x64.Build.0 = Release|x64
		{88BE262D-6741-4BC8-8BE8-84CB40FFBFE1}.Release|x86.ActiveCfg = Release|Win32
		{88BE262D-6741-4BC8-8BE8-84CB40FFBFE1}.Release|x86.Build.0 = Release|Win32
	EndGlobalSection
	GlobalSection(SolutionProperties) = preSolution
		HideSolutionNode = FALSE
	EndGlobalSection
	GlobalSection(ExtensibilityGlobals) = postSolution
		SolutionGuid = {123E499C-25A4-469E-B4E0-4B811939530C}
	EndGlobalSection
EndGlobal
